
Microsoft Visual Studio Solution File, Format Version 12.00
# Visual Studio Version 17
VisualStudioVersion = 17.11.35222.181
MinimumVisualStudioVersion = 10.0.40219.1
Project("{9A19103F-16F7-4668-BE54-9A1E7A4F7556}") = "VotingApplication", "VotingApplication\VotingApplication.csproj", "{71A55DFA-9728-4378-AC68-1E7BD8EB49CD}"
EndProject
Global
	GlobalSection(SolutionConfigurationPlatforms) = preSolution
		Debug|Any CPU = Debug|Any CPU
		Release|Any CPU = Release|Any CPU
	EndGlobalSection
	GlobalSection(ProjectConfigurationPlatforms) = postSolution
		{71A55DFA-9728-4378-AC68-1E7BD8EB49CD}.Debug|Any CPU.ActiveCfg = Debug|Any CPU
		{71A55DFA-9728-4378-AC68-1E7BD8EB49CD}.Debug|Any CPU.Build.0 = Debug|Any CPU
		{71A55DFA-9728-4378-AC68-1E7BD8EB49CD}.Release|Any CPU.ActiveCfg = Release|Any CPU
		{71A55DFA-9728-4378-AC68-1E7BD8EB49CD}.Release|Any CPU.Build.0 = Release|Any CPU
	EndGlobalSection
	GlobalSection(SolutionProperties) = preSolution
		HideSolutionNode = FALSE
	EndGlobalSection
	GlobalSection(ExtensibilityGlobals) = postSolution
		SolutionGuid = {6E88A5E1-6E73-44C4-8A23-3326D2019A44}
	EndGlobalSection
EndGlobal
